
Microsoft Visual Studio Solution File, Format Version 11.00
# Visual Studio 2010
Project("{FAE04EC0-301F-11D3-BF4B-00C04F79EFBC}") = "XNA_RTSProject", "XNA_RTSProject\XNA_RTSProject\XNA_RTSProject.csproj", "{3063A139-DFAD-404E-8FC8-3499041812BC}"
EndProject
Project("{96E2B04D-8817-42C6-938A-82C39BA4D311}") = "XNA_RTSProjectContent", "XNA_RTSProject\XNA_RTSProjectContent\XNA_RTSProjectContent.contentproj", "{BA688D51-7251-47F7-B534-A42E33203CAC}"
EndProject
Global
	GlobalSection(SolutionConfigurationPlatforms) = preSolution
		Debug|x86 = Debug|x86
		Release|x86 = Release|x86
	EndGlobalSection
	GlobalSection(ProjectConfigurationPlatforms) = postSolution
		{3063A139-DFAD-404E-8FC8-3499041812BC}.Debug|x86.ActiveCfg = Debug|x86
		{3063A139-DFAD-404E-8FC8-3499041812BC}.Debug|x86.Build.0 = Debug|x86
		{3063A139-DFAD-404E-8FC8-3499041812BC}.Release|x86.ActiveCfg = Release|x86
		{3063A139-DFAD-404E-8FC8-3499041812BC}.Release|x86.Build.0 = Release|x86
		{BA688D51-7251-47F7-B534-A42E33203CAC}.Debug|x86.ActiveCfg = Debug|x86
		{BA688D51-7251-47F7-B534-A42E33203CAC}.Release|x86.ActiveCfg = Release|x86
	EndGlobalSection
	GlobalSection(SolutionProperties) = preSolution
		HideSolutionNode = FALSE
	EndGlobalSection
EndGlobal
